
Microsoft Visual Studio Solution File, Format Version 12.00
# Visual Studio 15
VisualStudioVersion = 15.0.27703.2000
MinimumVisualStudioVersion = 10.0.40219.1
Project("{00D1A9C2-B5F0-4AF3-8072-F6C62B433612}") = "SQL Server DATABASE", "SQL Server DATABASE\SQL Server DATABASE.sqlproj", "{73D46F3C-C259-4AB8-913A-20C9A5452264}"
EndProject
Global
	GlobalSection(SolutionConfigurationPlatforms) = preSolution
		Debug|Any CPU = Debug|Any CPU
		Release|Any CPU = Release|Any CPU
	EndGlobalSection
	GlobalSection(ProjectConfigurationPlatforms) = postSolution
		{73D46F3C-C259-4AB8-913A-20C9A5452264}.Debug|Any CPU.ActiveCfg = Debug|Any CPU
		{73D46F3C-C259-4AB8-913A-20C9A5452264}.Debug|Any CPU.Build.0 = Debug|Any CPU
		{73D46F3C-C259-4AB8-913A-20C9A5452264}.Debug|Any CPU.Deploy.0 = Debug|Any CPU
		{73D46F3C-C259-4AB8-913A-20C9A5452264}.Release|Any CPU.ActiveCfg = Release|Any CPU
		{73D46F3C-C259-4AB8-913A-20C9A5452264}.Release|Any CPU.Build.0 = Release|Any CPU
		{73D46F3C-C259-4AB8-913A-20C9A5452264}.Release|Any CPU.Deploy.0 = Release|Any CPU
	EndGlobalSection
	GlobalSection(SolutionProperties) = preSolution
		HideSolutionNode = FALSE
	EndGlobalSection
	GlobalSection(ExtensibilityGlobals) = postSolution
		SolutionGuid = {7141AB4E-3EB3-43B9-BBD4-4FFE21C3C77A}
	EndGlobalSection
EndGlobal
